
Microsoft Visual Studio Solution File, Format Version 12.00
# Visual Studio Version 17
VisualStudioVersion = 17.9.34714.143
MinimumVisualStudioVersion = 10.0.40219.1
Project("{9A19103F-16F7-4668-BE54-9A1E7A4F7556}") = "GmlConverter", "GmlConverter\GmlConverter.csproj", "{85193410-1FC4-452D-88D6-B3C6BC244C62}"
	ProjectSection(ProjectDependencies) = postProject
		{440699C7-5E85-4154-B3AB-E785F4013916} = {440699C7-5E85-4154-B3AB-E785F4013916}
	EndProjectSection
EndProject
Project("{8BC9CEB8-8B4A-11D0-8D11-00A0C91BC942}") = "BuildShader", "BuildShader\BuildShader.vcxproj", "{440699C7-5E85-4154-B3AB-E785F4013916}"
EndProject
Global
	GlobalSection(SolutionConfigurationPlatforms) = preSolution
		Debug|Any CPU = Debug|Any CPU
		Debug|x64 = Debug|x64
		Debug|x86 = Debug|x86
		Release|Any CPU = Release|Any CPU
		Release|x64 = Release|x64
		Release|x86 = Release|x86
	EndGlobalSection
	GlobalSection(ProjectConfigurationPlatforms) = postSolution
		{85193410-1FC4-452D-88D6-B3C6BC244C62}.Debug|Any CPU.ActiveCfg = Debug|Any CPU
		{85193410-1FC4-452D-88D6-B3C6BC244C62}.Debug|Any CPU.Build.0 = Debug|Any CPU
		{85193410-1FC4-452D-88D6-B3C6BC244C62}.Debug|x64.ActiveCfg = Debug|Any CPU
		{85193410-1FC4-452D-88D6-B3C6BC244C62}.Debug|x64.Build.0 = Debug|Any CPU
		{85193410-1FC4-452D-88D6-B3C6BC244C62}.Debug|x86.ActiveCfg = Debug|Any CPU
		{85193410-1FC4-452D-88D6-B3C6BC244C62}.Debug|x86.Build.0 = Debug|Any CPU
		{85193410-1FC4-452D-88D6-B3C6BC244C62}.Release|Any CPU.ActiveCfg = Release|Any CPU
		{85193410-1FC4-452D-88D6-B3C6BC244C62}.Release|Any CPU.Build.0 = Release|Any CPU
		{85193410-1FC4-452D-88D6-B3C6BC244C62}.Release|x64.ActiveCfg = Release|Any CPU
		{85193410-1FC4-452D-88D6-B3C6BC244C62}.Release|x64.Build.0 = Release|Any CPU
		{85193410-1FC4-452D-88D6-B3C6BC244C62}.Release|x86.ActiveCfg = Release|Any CPU
		{85193410-1FC4-452D-88D6-B3C6BC244C62}.Release|x86.Build.0 = Release|Any CPU
		{440699C7-5E85-4154-B3AB-E785F4013916}.Debug|Any CPU.ActiveCfg = Debug|x64
		{440699C7-5E85-4154-B3AB-E785F4013916}.Debug|Any CPU.Build.0 = Debug|x64
		{440699C7-5E85-4154-B3AB-E785F4013916}.Debug|x64.ActiveCfg = Debug|x64
		{440699C7-5E85-4154-B3AB-E785F4013916}.Debug|x64.Build.0 = Debug|x64
		{440699C7-5E85-4154-B3AB-E785F4013916}.Debug|x86.ActiveCfg = Debug|Win32
		{440699C7-5E85-4154-B3AB-E785F4013916}.Debug|x86.Build.0 = Debug|Win32
		{440699C7-5E85-4154-B3AB-E785F4013916}.Release|Any CPU.ActiveCfg = Release|x64
		{440699C7-5E85-4154-B3AB-E785F4013916}.Release|Any CPU.Build.0 = Release|x64
		{440699C7-5E85-4154-B3AB-E785F4013916}.Release|x64.ActiveCfg = Release|x64
		{440699C7-5E85-4154-B3AB-E785F4013916}.Release|x64.Build.0 = Release|x64
		{440699C7-5E85-4154-B3AB-E785F4013916}.Release|x86.ActiveCfg = Release|Win32
		{440699C7-5E85-4154-B3AB-E785F4013916}.Release|x86.Build.0 = Release|Win32
	EndGlobalSection
	GlobalSection(SolutionProperties) = preSolution
		HideSolutionNode = FALSE
	EndGlobalSection
	GlobalSection(ExtensibilityGlobals) = postSolution
		SolutionGuid = {F40C54E3-B7E4-4452-8766-27C3C4E17FE2}
	EndGlobalSection
EndGlobal
